
Microsoft Visual Studio Solution File, Format Version 12.00
# Visual Studio Version 17
VisualStudioVersion = 17.5.002.0
MinimumVisualStudioVersion = 10.0.40219.1
Project("{9A19103F-16F7-4668-BE54-9A1E7A4F7556}") = "MyWebsite.Blazor", "MyWebsite.Blazor.csproj", "{F2149D74-D97B-4C22-A38A-A931EACFBEF3}"
EndProject
Global
	GlobalSection(SolutionConfigurationPlatforms) = preSolution
		Debug|Any CPU = Debug|Any CPU
		Release|Any CPU = Release|Any CPU
	EndGlobalSection
	GlobalSection(ProjectConfigurationPlatforms) = postSolution
		{F2149D74-D97B-4C22-A38A-A931EACFBEF3}.Debug|Any CPU.ActiveCfg = Debug|Any CPU
		{F2149D74-D97B-4C22-A38A-A931EACFBEF3}.Debug|Any CPU.Build.0 = Debug|Any CPU
		{F2149D74-D97B-4C22-A38A-A931EACFBEF3}.Release|Any CPU.ActiveCfg = Release|Any CPU
		{F2149D74-D97B-4C22-A38A-A931EACFBEF3}.Release|Any CPU.Build.0 = Release|Any CPU
	EndGlobalSection
	GlobalSection(SolutionProperties) = preSolution
		HideSolutionNode = FALSE
	EndGlobalSection
	GlobalSection(ExtensibilityGlobals) = postSolution
		SolutionGuid = {799B5B42-9A4B-4E61-A54E-BAFF88B1E5B1}
	EndGlobalSection
EndGlobal
